
Microsoft Visual Studio Solution File, Format Version 12.00
# Visual Studio Express 14 for Windows Desktop
VisualStudioVersion = 14.0.23107.0
MinimumVisualStudioVersion = 10.0.40219.1
Project("{FAE04EC0-301F-11D3-BF4B-00C04F79EFBC}") = "Farmacia.UI.Escritorio", "Farmacia.UI.Escritorio\Farmacia.UI.Escritorio.csproj", "{A82D4035-6587-491A-B8CB-649BCC0AEC04}"
EndProject
Global
	GlobalSection(SolutionConfigurationPlatforms) = preSolution
		Debug|Any CPU = Debug|Any CPU
		Release|Any CPU = Release|Any CPU
	EndGlobalSection
	GlobalSection(ProjectConfigurationPlatforms) = postSolution
		{A82D4035-6587-491A-B8CB-649BCC0AEC04}.Debug|Any CPU.ActiveCfg = Debug|Any CPU
		{A82D4035-6587-491A-B8CB-649BCC0AEC04}.Debug|Any CPU.Build.0 = Debug|Any CPU
		{A82D4035-6587-491A-B8CB-649BCC0AEC04}.Release|Any CPU.ActiveCfg = Release|Any CPU
		{A82D4035-6587-491A-B8CB-649BCC0AEC04}.Release|Any CPU.Build.0 = Release|Any CPU
	EndGlobalSection
	GlobalSection(SolutionProperties) = preSolution
		HideSolutionNode = FALSE
	EndGlobalSection
	GlobalSection(ExtensibilityGlobals) = postSolution
		SolutionGuid = {3CAD8460-BAB2-4389-B3E9-571451B3779D}
	EndGlobalSection
EndGlobal
